// !$*UTF8*$!
{
	archiveVersion = 1;
	classes = {
	};
	objectVersion = 50;
	objects = {

/* Begin PBXBuildFile section */
		16D6663B816005A51D1AEA27 /* Pods_UITestPresentationUITests.framework in Frameworks */ = {isa = PBXBuildFile; fileRef = 1465F948720FEF0F53EB47E0 /* Pods_UITestPresentationUITests.framework */; };
		745F421321F33DEA00C9EAB8 /* MathOperation.swift in Sources */ = {isa = PBXBuildFile; fileRef = 745F421221F33DEA00C9EAB8 /* MathOperation.swift */; };
		745F421521F34AE000C9EAB8 /* OperationButton.swift in Sources */ = {isa = PBXBuildFile; fileRef = 745F421421F34AE000C9EAB8 /* OperationButton.swift */; };
		745F421721F5204300C9EAB8 /* MathOperationSpec.swift in Sources */ = {isa = PBXBuildFile; fileRef = 745F421621F5204300C9EAB8 /* MathOperationSpec.swift */; };
		745F421921F522A600C9EAB8 /* MathViewControllerSpec.swift in Sources */ = {isa = PBXBuildFile; fileRef = 745F421821F522A600C9EAB8 /* MathViewControllerSpec.swift */; };
		7F86FD155EB8A917A2DD4689 /* Pods_UITestPresentation.framework in Frameworks */ = {isa = PBXBuildFile; fileRef = 720B090785C11EB25181EB17 /* Pods_UITestPresentation.framework */; };
		92594AEC36805EB0E78FD915 /* Pods_UITestPresentationTests.framework in Frameworks */ = {isa = PBXBuildFile; fileRef = 49D04911B2CE4163A10190E9 /* Pods_UITestPresentationTests.framework */; };
		C30073BC21F1538800AD757E /* AppDelegate.swift in Sources */ = {isa = PBXBuildFile; fileRef = C30073BB21F1538800AD757E /* AppDelegate.swift */; };
		C30073BE21F1538800AD757E /* MathViewController.swift in Sources */ = {isa = PBXBuildFile; fileRef = C30073BD21F1538800AD757E /* MathViewController.swift */; };
		C30073C321F1538A00AD757E /* Assets.xcassets in Resources */ = {isa = PBXBuildFile; fileRef = C30073C221F1538A00AD757E /* Assets.xcassets */; };
		C30073C621F1538A00AD757E /* LaunchScreen.storyboard in Resources */ = {isa = PBXBuildFile; fileRef = C30073C421F1538A00AD757E /* LaunchScreen.storyboard */; };
		C30073DC21F1538A00AD757E /* UITestPresentationUITests.swift in Sources */ = {isa = PBXBuildFile; fileRef = C30073DB21F1538A00AD757E /* UITestPresentationUITests.swift */; };
		C3B9464C22062D95008C234F /* MainTabBar.swift in Sources */ = {isa = PBXBuildFile; fileRef = C3B9464B22062D95008C234F /* MainTabBar.swift */; };
		C3BAEDC122073B2F0060F30D /* ProfileViewController.swift in Sources */ = {isa = PBXBuildFile; fileRef = C3BAEDC022073B2F0060F30D /* ProfileViewController.swift */; };
		C3BAEDC3220740A40060F30D /* ProfileCell1.swift in Sources */ = {isa = PBXBuildFile; fileRef = C3BAEDC2220740A40060F30D /* ProfileCell1.swift */; };
		C3BAEDC522074F7E0060F30D /* ProfileCell2.swift in Sources */ = {isa = PBXBuildFile; fileRef = C3BAEDC422074F7D0060F30D /* ProfileCell2.swift */; };
		C3BAEDC722076AF70060F30D /* ChangeUsernameViewController.swift in Sources */ = {isa = PBXBuildFile; fileRef = C3BAEDC622076AF70060F30D /* ChangeUsernameViewController.swift */; };
		C3BAEDC922076C300060F30D /* ChangePasswordViewController.swift in Sources */ = {isa = PBXBuildFile; fileRef = C3BAEDC822076C300060F30D /* ChangePasswordViewController.swift */; };
		C3F19B97220919C80058CEDE /* KIFTarget.swift in Sources */ = {isa = PBXBuildFile; fileRef = C3F19B96220919C80058CEDE /* KIFTarget.swift */; };
		C3F19BA2220929F40058CEDE /* KIF.framework in Frameworks */ = {isa = PBXBuildFile; fileRef = C3F19BA1220929F40058CEDE /* KIF.framework */; };
/* End PBXBuildFile section */

/* Begin PBXContainerItemProxy section */
		C30073CD21F1538A00AD757E /* PBXContainerItemProxy */ = {
			isa = PBXContainerItemProxy;
			containerPortal = C30073B021F1538800AD757E /* Project object */;
			proxyType = 1;
			remoteGlobalIDString = C30073B721F1538800AD757E;
			remoteInfo = UITestPresentation;
		};
		C30073D821F1538A00AD757E /* PBXContainerItemProxy */ = {
			isa = PBXContainerItemProxy;
			containerPortal = C30073B021F1538800AD757E /* Project object */;
			proxyType = 1;
			remoteGlobalIDString = C30073B721F1538800AD757E;
			remoteInfo = UITestPresentation;
		};
		C3F19B99220919C80058CEDE /* PBXContainerItemProxy */ = {
			isa = PBXContainerItemProxy;
			containerPortal = C30073B021F1538800AD757E /* Project object */;
			proxyType = 1;
			remoteGlobalIDString = C30073B721F1538800AD757E;
			remoteInfo = UITestPresentation;
		};
/* End PBXContainerItemProxy section */

/* Begin PBXFileReference section */
		1465F948720FEF0F53EB47E0 /* Pods_UITestPresentationUITests.framework */ = {isa = PBXFileReference; explicitFileType = wrapper.framework; includeInIndex = 0; path = Pods_UITestPresentationUITests.framework; sourceTree = BUILT_PRODUCTS_DIR; };
		27520E63C4DCC2CF8C87FE2A /* Pods-UITestPresentationUITests.release.xcconfig */ = {isa = PBXFileReference; includeInIndex = 1; lastKnownFileType = text.xcconfig; name = "Pods-UITestPresentationUITests.release.xcconfig"; path = "Pods/Target Support Files/Pods-UITestPresentationUITests/Pods-UITestPresentationUITests.release.xcconfig"; sourceTree = "<group>"; };
		49D04911B2CE4163A10190E9 /* Pods_UITestPresentationTests.framework */ = {isa = PBXFileReference; explicitFileType = wrapper.framework; includeInIndex = 0; path = Pods_UITestPresentationTests.framework; sourceTree = BUILT_PRODUCTS_DIR; };
		597F235B6D79DBF97240B7CA /* Pods-KIFTarget.debug.xcconfig */ = {isa = PBXFileReference; includeInIndex = 1; lastKnownFileType = text.xcconfig; name = "Pods-KIFTarget.debug.xcconfig"; path = "Pods/Target Support Files/Pods-KIFTarget/Pods-KIFTarget.debug.xcconfig"; sourceTree = "<group>"; };
		5BFC6C3D8565F8230F564A84 /* Pods-UITestPresentation.release.xcconfig */ = {isa = PBXFileReference; includeInIndex = 1; lastKnownFileType = text.xcconfig; name = "Pods-UITestPresentation.release.xcconfig"; path = "Pods/Target Support Files/Pods-UITestPresentation/Pods-UITestPresentation.release.xcconfig"; sourceTree = "<group>"; };
		66A2DF3E9B1A2C28E3062ACE /* Pods-KIFTarget.release.xcconfig */ = {isa = PBXFileReference; includeInIndex = 1; lastKnownFileType = text.xcconfig; name = "Pods-KIFTarget.release.xcconfig"; path = "Pods/Target Support Files/Pods-KIFTarget/Pods-KIFTarget.release.xcconfig"; sourceTree = "<group>"; };
		720B090785C11EB25181EB17 /* Pods_UITestPresentation.framework */ = {isa = PBXFileReference; explicitFileType = wrapper.framework; includeInIndex = 0; path = Pods_UITestPresentation.framework; sourceTree = BUILT_PRODUCTS_DIR; };
		745F421221F33DEA00C9EAB8 /* MathOperation.swift */ = {isa = PBXFileReference; lastKnownFileType = sourcecode.swift; path = MathOperation.swift; sourceTree = "<group>"; };
		745F421421F34AE000C9EAB8 /* OperationButton.swift */ = {isa = PBXFileReference; lastKnownFileType = sourcecode.swift; path = OperationButton.swift; sourceTree = "<group>"; };
		745F421621F5204300C9EAB8 /* MathOperationSpec.swift */ = {isa = PBXFileReference; lastKnownFileType = sourcecode.swift; path = MathOperationSpec.swift; sourceTree = "<group>"; };
		745F421821F522A600C9EAB8 /* MathViewControllerSpec.swift */ = {isa = PBXFileReference; lastKnownFileType = sourcecode.swift; path = MathViewControllerSpec.swift; sourceTree = "<group>"; };
		7661B83B62E0E8512DE449F1 /* Pods-UITestPresentation.debug.xcconfig */ = {isa = PBXFileReference; includeInIndex = 1; lastKnownFileType = text.xcconfig; name = "Pods-UITestPresentation.debug.xcconfig"; path = "Pods/Target Support Files/Pods-UITestPresentation/Pods-UITestPresentation.debug.xcconfig"; sourceTree = "<group>"; };
		AD7108BD5180285B5CEA39EE /* Pods-UITestPresentationTests.debug.xcconfig */ = {isa = PBXFileReference; includeInIndex = 1; lastKnownFileType = text.xcconfig; name = "Pods-UITestPresentationTests.debug.xcconfig"; path = "Pods/Target Support Files/Pods-UITestPresentationTests/Pods-UITestPresentationTests.debug.xcconfig"; sourceTree = "<group>"; };
		AF99A1C5074C67E829953384 /* Pods-UITestPresentationTests.release.xcconfig */ = {isa = PBXFileReference; includeInIndex = 1; lastKnownFileType = text.xcconfig; name = "Pods-UITestPresentationTests.release.xcconfig"; path = "Pods/Target Support Files/Pods-UITestPresentationTests/Pods-UITestPresentationTests.release.xcconfig"; sourceTree = "<group>"; };
		C30073B821F1538800AD757E /* UITestPresentation.app */ = {isa = PBXFileReference; explicitFileType = wrapper.application; includeInIndex = 0; path = UITestPresentation.app; sourceTree = BUILT_PRODUCTS_DIR; };
		C30073BB21F1538800AD757E /* AppDelegate.swift */ = {isa = PBXFileReference; lastKnownFileType = sourcecode.swift; path = AppDelegate.swift; sourceTree = "<group>"; };
		C30073BD21F1538800AD757E /* MathViewController.swift */ = {isa = PBXFileReference; lastKnownFileType = sourcecode.swift; path = MathViewController.swift; sourceTree = "<group>"; };
		C30073C221F1538A00AD757E /* Assets.xcassets */ = {isa = PBXFileReference; lastKnownFileType = folder.assetcatalog; path = Assets.xcassets; sourceTree = "<group>"; };
		C30073C521F1538A00AD757E /* Base */ = {isa = PBXFileReference; lastKnownFileType = file.storyboard; name = Base; path = Base.lproj/LaunchScreen.storyboard; sourceTree = "<group>"; };
		C30073C721F1538A00AD757E /* Info.plist */ = {isa = PBXFileReference; lastKnownFileType = text.plist.xml; path = Info.plist; sourceTree = "<group>"; };
		C30073CC21F1538A00AD757E /* UITestPresentationTests.xctest */ = {isa = PBXFileReference; explicitFileType = wrapper.cfbundle; includeInIndex = 0; path = UITestPresentationTests.xctest; sourceTree = BUILT_PRODUCTS_DIR; };
		C30073D221F1538A00AD757E /* Info.plist */ = {isa = PBXFileReference; lastKnownFileType = text.plist.xml; path = Info.plist; sourceTree = "<group>"; };
		C30073D721F1538A00AD757E /* UITestPresentationUITests.xctest */ = {isa = PBXFileReference; explicitFileType = wrapper.cfbundle; includeInIndex = 0; path = UITestPresentationUITests.xctest; sourceTree = BUILT_PRODUCTS_DIR; };
		C30073DB21F1538A00AD757E /* UITestPresentationUITests.swift */ = {isa = PBXFileReference; lastKnownFileType = sourcecode.swift; path = UITestPresentationUITests.swift; sourceTree = "<group>"; };
		C30073DD21F1538A00AD757E /* Info.plist */ = {isa = PBXFileReference; lastKnownFileType = text.plist.xml; path = Info.plist; sourceTree = "<group>"; };
		C3B9464B22062D95008C234F /* MainTabBar.swift */ = {isa = PBXFileReference; lastKnownFileType = sourcecode.swift; path = MainTabBar.swift; sourceTree = "<group>"; };
		C3BAEDC022073B2F0060F30D /* ProfileViewController.swift */ = {isa = PBXFileReference; lastKnownFileType = sourcecode.swift; path = ProfileViewController.swift; sourceTree = "<group>"; };
		C3BAEDC2220740A40060F30D /* ProfileCell1.swift */ = {isa = PBXFileReference; lastKnownFileType = sourcecode.swift; path = ProfileCell1.swift; sourceTree = "<group>"; };
		C3BAEDC422074F7D0060F30D /* ProfileCell2.swift */ = {isa = PBXFileReference; lastKnownFileType = sourcecode.swift; path = ProfileCell2.swift; sourceTree = "<group>"; };
		C3BAEDC622076AF70060F30D /* ChangeUsernameViewController.swift */ = {isa = PBXFileReference; lastKnownFileType = sourcecode.swift; path = ChangeUsernameViewController.swift; sourceTree = "<group>"; };
		C3BAEDC822076C300060F30D /* ChangePasswordViewController.swift */ = {isa = PBXFileReference; lastKnownFileType = sourcecode.swift; path = ChangePasswordViewController.swift; sourceTree = "<group>"; };
		C3F19B94220919C80058CEDE /* KIFTarget.xctest */ = {isa = PBXFileReference; explicitFileType = wrapper.cfbundle; includeInIndex = 0; path = KIFTarget.xctest; sourceTree = BUILT_PRODUCTS_DIR; };
		C3F19B96220919C80058CEDE /* KIFTarget.swift */ = {isa = PBXFileReference; lastKnownFileType = sourcecode.swift; path = KIFTarget.swift; sourceTree = "<group>"; };
		C3F19B98220919C80058CEDE /* Info.plist */ = {isa = PBXFileReference; lastKnownFileType = text.plist.xml; path = Info.plist; sourceTree = "<group>"; };
		C3F19B9E220919FD0058CEDE /* KIFTarget-Bridging-Header.h */ = {isa = PBXFileReference; lastKnownFileType = sourcecode.c.h; path = "KIFTarget-Bridging-Header.h"; sourceTree = "<group>"; };
		C3F19B9F22091B430058CEDE /* KIF.framework */ = {isa = PBXFileReference; explicitFileType = wrapper.framework; path = KIF.framework; sourceTree = BUILT_PRODUCTS_DIR; };
		C3F19BA1220929F40058CEDE /* KIF.framework */ = {isa = PBXFileReference; explicitFileType = wrapper.framework; path = KIF.framework; sourceTree = BUILT_PRODUCTS_DIR; };
		E0B361EEE3B0B94AA39751AC /* Pods-UITestPresentationUITests.debug.xcconfig */ = {isa = PBXFileReference; includeInIndex = 1; lastKnownFileType = text.xcconfig; name = "Pods-UITestPresentationUITests.debug.xcconfig"; path = "Pods/Target Support Files/Pods-UITestPresentationUITests/Pods-UITestPresentationUITests.debug.xcconfig"; sourceTree = "<group>"; };
		ED3A7C1BA0BCF7BEBBD1EE7F /* Pods_KIFTarget.framework */ = {isa = PBXFileReference; explicitFileType = wrapper.framework; includeInIndex = 0; path = Pods_KIFTarget.framework; sourceTree = BUILT_PRODUCTS_DIR; };
/* End PBXFileReference section */

/* Begin PBXFrameworksBuildPhase section */
		C30073B521F1538800AD757E /* Frameworks */ = {
			isa = PBXFrameworksBuildPhase;
			buildActionMask = 2147483647;
			files = (
				7F86FD155EB8A917A2DD4689 /* Pods_UITestPresentation.framework in Frameworks */,
			);
			runOnlyForDeploymentPostprocessing = 0;
		};
		C30073C921F1538A00AD757E /* Frameworks */ = {
			isa = PBXFrameworksBuildPhase;
			buildActionMask = 2147483647;
			files = (
				92594AEC36805EB0E78FD915 /* Pods_UITestPresentationTests.framework in Frameworks */,
			);
			runOnlyForDeploymentPostprocessing = 0;
		};
		C30073D421F1538A00AD757E /* Frameworks */ = {
			isa = PBXFrameworksBuildPhase;
			buildActionMask = 2147483647;
			files = (
				16D6663B816005A51D1AEA27 /* Pods_UITestPresentationUITests.framework in Frameworks */,
			);
			runOnlyForDeploymentPostprocessing = 0;
		};
		C3F19B91220919C80058CEDE /* Frameworks */ = {
			isa = PBXFrameworksBuildPhase;
			buildActionMask = 2147483647;
			files = (
				C3F19BA2220929F40058CEDE /* KIF.framework in Frameworks */,
			);
			runOnlyForDeploymentPostprocessing = 0;
		};
/* End PBXFrameworksBuildPhase section */

/* Begin PBXGroup section */
		037E188A5FAFA3C4876DC112 /* Pods */ = {
			isa = PBXGroup;
			children = (
				7661B83B62E0E8512DE449F1 /* Pods-UITestPresentation.debug.xcconfig */,
				5BFC6C3D8565F8230F564A84 /* Pods-UITestPresentation.release.xcconfig */,
				AD7108BD5180285B5CEA39EE /* Pods-UITestPresentationTests.debug.xcconfig */,
				AF99A1C5074C67E829953384 /* Pods-UITestPresentationTests.release.xcconfig */,
				E0B361EEE3B0B94AA39751AC /* Pods-UITestPresentationUITests.debug.xcconfig */,
				27520E63C4DCC2CF8C87FE2A /* Pods-UITestPresentationUITests.release.xcconfig */,
				597F235B6D79DBF97240B7CA /* Pods-KIFTarget.debug.xcconfig */,
				66A2DF3E9B1A2C28E3062ACE /* Pods-KIFTarget.release.xcconfig */,
			);
			name = Pods;
			sourceTree = "<group>";
		};
		05157A055D5E8ED55CEE321A /* Frameworks */ = {
			isa = PBXGroup;
			children = (
				C3F19BA1220929F40058CEDE /* KIF.framework */,
				C3F19B9F22091B430058CEDE /* KIF.framework */,
				720B090785C11EB25181EB17 /* Pods_UITestPresentation.framework */,
				49D04911B2CE4163A10190E9 /* Pods_UITestPresentationTests.framework */,
				1465F948720FEF0F53EB47E0 /* Pods_UITestPresentationUITests.framework */,
				ED3A7C1BA0BCF7BEBBD1EE7F /* Pods_KIFTarget.framework */,
			);
			name = Frameworks;
			sourceTree = "<group>";
		};
		C30073AF21F1538800AD757E = {
			isa = PBXGroup;
			children = (
				C30073BA21F1538800AD757E /* UITestPresentation */,
				C30073CF21F1538A00AD757E /* UITestPresentationTests */,
				C30073DA21F1538A00AD757E /* UITestPresentationUITests */,
				C3F19B95220919C80058CEDE /* KIFTarget */,
				C30073B921F1538800AD757E /* Products */,
				037E188A5FAFA3C4876DC112 /* Pods */,
				05157A055D5E8ED55CEE321A /* Frameworks */,
			);
			sourceTree = "<group>";
		};
		C30073B921F1538800AD757E /* Products */ = {
			isa = PBXGroup;
			children = (
				C30073B821F1538800AD757E /* UITestPresentation.app */,
				C30073CC21F1538A00AD757E /* UITestPresentationTests.xctest */,
				C30073D721F1538A00AD757E /* UITestPresentationUITests.xctest */,
				C3F19B94220919C80058CEDE /* KIFTarget.xctest */,
			);
			name = Products;
			sourceTree = "<group>";
		};
		C30073BA21F1538800AD757E /* UITestPresentation */ = {
			isa = PBXGroup;
			children = (
				C3B9464A22062D69008C234F /* Common */,
				C3B9464922060A03008C234F /* Application */,
				C3B94647220609BF008C234F /* Features */,
			);
			path = UITestPresentation;
			sourceTree = "<group>";
		};
		C30073CF21F1538A00AD757E /* UITestPresentationTests */ = {
			isa = PBXGroup;
			children = (
				745F421621F5204300C9EAB8 /* MathOperationSpec.swift */,
				745F421821F522A600C9EAB8 /* MathViewControllerSpec.swift */,
				C30073D221F1538A00AD757E /* Info.plist */,
			);
			path = UITestPresentationTests;
			sourceTree = "<group>";
		};
		C30073DA21F1538A00AD757E /* UITestPresentationUITests */ = {
			isa = PBXGroup;
			children = (
				C30073DB21F1538A00AD757E /* UITestPresentationUITests.swift */,
				C30073DD21F1538A00AD757E /* Info.plist */,
			);
			path = UITestPresentationUITests;
			sourceTree = "<group>";
		};
		C3B94647220609BF008C234F /* Features */ = {
			isa = PBXGroup;
			children = (
				C3BAEDBF22073B120060F30D /* Profile */,
				C3B94648220609CA008C234F /* Math */,
			);
			path = Features;
			sourceTree = "<group>";
		};
		C3B94648220609CA008C234F /* Math */ = {
			isa = PBXGroup;
			children = (
				C30073BD21F1538800AD757E /* MathViewController.swift */,
				745F421221F33DEA00C9EAB8 /* MathOperation.swift */,
				745F421421F34AE000C9EAB8 /* OperationButton.swift */,
			);
			path = Math;
			sourceTree = "<group>";
		};
		C3B9464922060A03008C234F /* Application */ = {
			isa = PBXGroup;
			children = (
				C30073BB21F1538800AD757E /* AppDelegate.swift */,
				C30073C221F1538A00AD757E /* Assets.xcassets */,
				C30073C421F1538A00AD757E /* LaunchScreen.storyboard */,
				C30073C721F1538A00AD757E /* Info.plist */,
			);
			path = Application;
			sourceTree = "<group>";
		};
		C3B9464A22062D69008C234F /* Common */ = {
			isa = PBXGroup;
			children = (
				C3B9464B22062D95008C234F /* MainTabBar.swift */,
			);
			path = Common;
			sourceTree = "<group>";
		};
		C3BAEDBF22073B120060F30D /* Profile */ = {
			isa = PBXGroup;
			children = (
				C3BAEDC022073B2F0060F30D /* ProfileViewController.swift */,
				C3BAEDC822076C300060F30D /* ChangePasswordViewController.swift */,
				C3BAEDC2220740A40060F30D /* ProfileCell1.swift */,
				C3BAEDC422074F7D0060F30D /* ProfileCell2.swift */,
				C3BAEDC622076AF70060F30D /* ChangeUsernameViewController.swift */,
			);
			path = Profile;
			sourceTree = "<group>";
		};
		C3F19B95220919C80058CEDE /* KIFTarget */ = {
			isa = PBXGroup;
			children = (
				C3F19B96220919C80058CEDE /* KIFTarget.swift */,
				C3F19B98220919C80058CEDE /* Info.plist */,
				C3F19B9E220919FD0058CEDE /* KIFTarget-Bridging-Header.h */,
			);
			path = KIFTarget;
			sourceTree = "<group>";
		};
/* End PBXGroup section */

/* Begin PBXNativeTarget section */
		C30073B721F1538800AD757E /* UITestPresentation */ = {
			isa = PBXNativeTarget;
			buildConfigurationList = C30073E021F1538A00AD757E /* Build configuration list for PBXNativeTarget "UITestPresentation" */;
			buildPhases = (
				4C87756869BD43603B213BC6 /* [CP] Check Pods Manifest.lock */,
				C30073B421F1538800AD757E /* Sources */,
				C30073B521F1538800AD757E /* Frameworks */,
				C30073B621F1538800AD757E /* Resources */,
			);
			buildRules = (
			);
			dependencies = (
			);
			name = UITestPresentation;
			productName = UITestPresentation;
			productReference = C30073B821F1538800AD757E /* UITestPresentation.app */;
			productType = "com.apple.product-type.application";
		};
		C30073CB21F1538A00AD757E /* UITestPresentationTests */ = {
			isa = PBXNativeTarget;
			buildConfigurationList = C30073E321F1538A00AD757E /* Build configuration list for PBXNativeTarget "UITestPresentationTests" */;
			buildPhases = (
				F51316D926ED69C1A97CEAE6 /* [CP] Check Pods Manifest.lock */,
				C30073C821F1538A00AD757E /* Sources */,
				C30073C921F1538A00AD757E /* Frameworks */,
				C30073CA21F1538A00AD757E /* Resources */,
			);
			buildRules = (
			);
			dependencies = (
				C30073CE21F1538A00AD757E /* PBXTargetDependency */,
			);
			name = UITestPresentationTests;
			productName = UITestPresentationTests;
			productReference = C30073CC21F1538A00AD757E /* UITestPresentationTests.xctest */;
			productType = "com.apple.product-type.bundle.unit-test";
		};
		C30073D621F1538A00AD757E /* UITestPresentationUITests */ = {
			isa = PBXNativeTarget;
			buildConfigurationList = C30073E621F1538A00AD757E /* Build configuration list for PBXNativeTarget "UITestPresentationUITests" */;
			buildPhases = (
				C36560CB7A84645E0C732278 /* [CP] Check Pods Manifest.lock */,
				C3476FA921FDFC97009225BE /* Disable keyboard */,
				C30073D321F1538A00AD757E /* Sources */,
				C30073D421F1538A00AD757E /* Frameworks */,
				C30073D521F1538A00AD757E /* Resources */,
			);
			buildRules = (
			);
			dependencies = (
				C30073D921F1538A00AD757E /* PBXTargetDependency */,
			);
			name = UITestPresentationUITests;
			productName = UITestPresentationUITests;
			productReference = C30073D721F1538A00AD757E /* UITestPresentationUITests.xctest */;
			productType = "com.apple.product-type.bundle.ui-testing";
		};
		C3F19B93220919C80058CEDE /* KIFTarget */ = {
			isa = PBXNativeTarget;
			buildConfigurationList = C3F19B9D220919C80058CEDE /* Build configuration list for PBXNativeTarget "KIFTarget" */;
			buildPhases = (
				070E5A2D0F883FBB0B3ADF4D /* [CP] Check Pods Manifest.lock */,
				C3F19B90220919C80058CEDE /* Sources */,
				C3F19B91220919C80058CEDE /* Frameworks */,
				C3F19B92220919C80058CEDE /* Resources */,
				96F57B3CAD1C4F731680D552 /* [CP] Embed Pods Frameworks */,
			);
			buildRules = (
			);
			dependencies = (
				C3F19B9A220919C80058CEDE /* PBXTargetDependency */,
			);
			name = KIFTarget;
			productName = KIFTarget;
			productReference = C3F19B94220919C80058CEDE /* KIFTarget.xctest */;
			productType = "com.apple.product-type.bundle.unit-test";
		};
/* End PBXNativeTarget section */

/* Begin PBXProject section */
		C30073B021F1538800AD757E /* Project object */ = {
			isa = PBXProject;
			attributes = {
				LastSwiftUpdateCheck = 1010;
				LastUpgradeCheck = 1010;
				ORGANIZATIONNAME = "Mateus Marques";
				TargetAttributes = {
					C30073B721F1538800AD757E = {
						CreatedOnToolsVersion = 10.1;
					};
					C30073CB21F1538A00AD757E = {
						CreatedOnToolsVersion = 10.1;
						TestTargetID = C30073B721F1538800AD757E;
					};
					C30073D621F1538A00AD757E = {
						CreatedOnToolsVersion = 10.1;
						TestTargetID = C30073B721F1538800AD757E;
					};
					C3F19B93220919C80058CEDE = {
						CreatedOnToolsVersion = 10.1;
						TestTargetID = C30073B721F1538800AD757E;
					};
				};
			};
			buildConfigurationList = C30073B321F1538800AD757E /* Build configuration list for PBXProject "UITestPresentation" */;
			compatibilityVersion = "Xcode 9.3";
			developmentRegion = en;
			hasScannedForEncodings = 0;
			knownRegions = (
				en,
				Base,
			);
			mainGroup = C30073AF21F1538800AD757E;
			productRefGroup = C30073B921F1538800AD757E /* Products */;
			projectDirPath = "";
			projectRoot = "";
			targets = (
				C30073B721F1538800AD757E /* UITestPresentation */,
				C30073CB21F1538A00AD757E /* UITestPresentationTests */,
				C30073D621F1538A00AD757E /* UITestPresentationUITests */,
				C3F19B93220919C80058CEDE /* KIFTarget */,
			);
		};
/* End PBXProject section */

/* Begin PBXResourcesBuildPhase section */
		C30073B621F1538800AD757E /* Resources */ = {
			isa = PBXResourcesBuildPhase;
			buildActionMask = 2147483647;
			files = (
				C30073C621F1538A00AD757E /* LaunchScreen.storyboard in Resources */,
				C30073C321F1538A00AD757E /* Assets.xcassets in Resources */,
			);
			runOnlyForDeploymentPostprocessing = 0;
		};
		C30073CA21F1538A00AD757E /* Resources */ = {
			isa = PBXResourcesBuildPhase;
			buildActionMask = 2147483647;
			files = (
			);
			runOnlyForDeploymentPostprocessing = 0;
		};
		C30073D521F1538A00AD757E /* Resources */ = {
			isa = PBXResourcesBuildPhase;
			buildActionMask = 2147483647;
			files = (
			);
			runOnlyForDeploymentPostprocessing = 0;
		};
		C3F19B92220919C80058CEDE /* Resources */ = {
			isa = PBXResourcesBuildPhase;
			buildActionMask = 2147483647;
			files = (
			);
			runOnlyForDeploymentPostprocessing = 0;
		};
/* End PBXResourcesBuildPhase section */

/* Begin PBXShellScriptBuildPhase section */
		070E5A2D0F883FBB0B3ADF4D /* [CP] Check Pods Manifest.lock */ = {
			isa = PBXShellScriptBuildPhase;
			buildActionMask = 2147483647;
			files = (
			);
			inputPaths = (
				"${PODS_PODFILE_DIR_PATH}/Podfile.lock",
				"${PODS_ROOT}/Manifest.lock",
			);
			name = "[CP] Check Pods Manifest.lock";
			outputPaths = (
				"$(DERIVED_FILE_DIR)/Pods-KIFTarget-checkManifestLockResult.txt",
			);
			runOnlyForDeploymentPostprocessing = 0;
			shellPath = /bin/sh;
			shellScript = "diff \"${PODS_PODFILE_DIR_PATH}/Podfile.lock\" \"${PODS_ROOT}/Manifest.lock\" > /dev/null\nif [ $? != 0 ] ; then\n    # print error to STDERR\n    echo \"error: The sandbox is not in sync with the Podfile.lock. Run 'pod install' or update your CocoaPods installation.\" >&2\n    exit 1\nfi\n# This output is used by Xcode 'outputs' to avoid re-running this script phase.\necho \"SUCCESS\" > \"${SCRIPT_OUTPUT_FILE_0}\"\n";
			showEnvVarsInLog = 0;
		};
		4C87756869BD43603B213BC6 /* [CP] Check Pods Manifest.lock */ = {
			isa = PBXShellScriptBuildPhase;
			buildActionMask = 2147483647;
			files = (
			);
			inputPaths = (
				"${PODS_PODFILE_DIR_PATH}/Podfile.lock",
				"${PODS_ROOT}/Manifest.lock",
			);
			name = "[CP] Check Pods Manifest.lock";
			outputPaths = (
				"$(DERIVED_FILE_DIR)/Pods-UITestPresentation-checkManifestLockResult.txt",
			);
			runOnlyForDeploymentPostprocessing = 0;
			shellPath = /bin/sh;
			shellScript = "diff \"${PODS_PODFILE_DIR_PATH}/Podfile.lock\" \"${PODS_ROOT}/Manifest.lock\" > /dev/null\nif [ $? != 0 ] ; then\n    # print error to STDERR\n    echo \"error: The sandbox is not in sync with the Podfile.lock. Run 'pod install' or update your CocoaPods installation.\" >&2\n    exit 1\nfi\n# This output is used by Xcode 'outputs' to avoid re-running this script phase.\necho \"SUCCESS\" > \"${SCRIPT_OUTPUT_FILE_0}\"\n";
			showEnvVarsInLog = 0;
		};
		96F57B3CAD1C4F731680D552 /* [CP] Embed Pods Frameworks */ = {
			isa = PBXShellScriptBuildPhase;
			buildActionMask = 2147483647;
			files = (
			);
			inputPaths = (
				"${SRCROOT}/Pods/Target Support Files/Pods-KIFTarget/Pods-KIFTarget-frameworks.sh",
				"${BUILT_PRODUCTS_DIR}/KIF/KIF.framework",
			);
			name = "[CP] Embed Pods Frameworks";
			outputPaths = (
				"${TARGET_BUILD_DIR}/${FRAMEWORKS_FOLDER_PATH}/KIF.framework",
			);
			runOnlyForDeploymentPostprocessing = 0;
			shellPath = /bin/sh;
			shellScript = "\"${SRCROOT}/Pods/Target Support Files/Pods-KIFTarget/Pods-KIFTarget-frameworks.sh\"\n";
			showEnvVarsInLog = 0;
		};
		C3476FA921FDFC97009225BE /* Disable keyboard */ = {
			isa = PBXShellScriptBuildPhase;
			buildActionMask = 2147483647;
			files = (
			);
			inputPaths = (
			);
			name = "Disable keyboard";
			outputPaths = (
			);
			runOnlyForDeploymentPostprocessing = 0;
			shellPath = /bin/sh;
			shellScript = "#defaults write com.apple.iphonesimulator ConnectHardwareKeyboard -bool NO\n";
		};
		C36560CB7A84645E0C732278 /* [CP] Check Pods Manifest.lock */ = {
			isa = PBXShellScriptBuildPhase;
			buildActionMask = 2147483647;
			files = (
			);
			inputPaths = (
				"${PODS_PODFILE_DIR_PATH}/Podfile.lock",
				"${PODS_ROOT}/Manifest.lock",
			);
			name = "[CP] Check Pods Manifest.lock";
			outputPaths = (
				"$(DERIVED_FILE_DIR)/Pods-UITestPresentationUITests-checkManifestLockResult.txt",
			);
			runOnlyForDeploymentPostprocessing = 0;
			shellPath = /bin/sh;
			shellScript = "diff \"${PODS_PODFILE_DIR_PATH}/Podfile.lock\" \"${PODS_ROOT}/Manifest.lock\" > /dev/null\nif [ $? != 0 ] ; then\n    # print error to STDERR\n    echo \"error: The sandbox is not in sync with the Podfile.lock. Run 'pod install' or update your CocoaPods installation.\" >&2\n    exit 1\nfi\n# This output is used by Xcode 'outputs' to avoid re-running this script phase.\necho \"SUCCESS\" > \"${SCRIPT_OUTPUT_FILE_0}\"\n";
			showEnvVarsInLog = 0;
		};
		F51316D926ED69C1A97CEAE6 /* [CP] Check Pods Manifest.lock */ = {
			isa = PBXShellScriptBuildPhase;
			buildActionMask = 2147483647;
			files = (
			);
			inputPaths = (
				"${PODS_PODFILE_DIR_PATH}/Podfile.lock",
				"${PODS_ROOT}/Manifest.lock",
			);
			name = "[CP] Check Pods Manifest.lock";
			outputPaths = (
				"$(DERIVED_FILE_DIR)/Pods-UITestPresentationTests-checkManifestLockResult.txt",
			);
			runOnlyForDeploymentPostprocessing = 0;
			shellPath = /bin/sh;
			shellScript = "diff \"${PODS_PODFILE_DIR_PATH}/Podfile.lock\" \"${PODS_ROOT}/Manifest.lock\" > /dev/null\nif [ $? != 0 ] ; then\n    # print error to STDERR\n    echo \"error: The sandbox is not in sync with the Podfile.lock. Run 'pod install' or update your CocoaPods installation.\" >&2\n    exit 1\nfi\n# This output is used by Xcode 'outputs' to avoid re-running this script phase.\necho \"SUCCESS\" > \"${SCRIPT_OUTPUT_FILE_0}\"\n";
			showEnvVarsInLog = 0;
		};
/* End PBXShellScriptBuildPhase section */

/* Begin PBXSourcesBuildPhase section */
		C30073B421F1538800AD757E /* Sources */ = {
			isa = PBXSourcesBuildPhase;
			buildActionMask = 2147483647;
			files = (
				C3BAEDC522074F7E0060F30D /* ProfileCell2.swift in Sources */,
				C3BAEDC122073B2F0060F30D /* ProfileViewController.swift in Sources */,
				C30073BE21F1538800AD757E /* MathViewController.swift in Sources */,
				C3BAEDC922076C300060F30D /* ChangePasswordViewController.swift in Sources */,
				745F421321F33DEA00C9EAB8 /* MathOperation.swift in Sources */,
				745F421521F34AE000C9EAB8 /* OperationButton.swift in Sources */,
				C3B9464C22062D95008C234F /* MainTabBar.swift in Sources */,
				C3BAEDC3220740A40060F30D /* ProfileCell1.swift in Sources */,
				C3BAEDC722076AF70060F30D /* ChangeUsernameViewController.swift in Sources */,
				C30073BC21F1538800AD757E /* AppDelegate.swift in Sources */,
			);
			runOnlyForDeploymentPostprocessing = 0;
		};
		C30073C821F1538A00AD757E /* Sources */ = {
			isa = PBXSourcesBuildPhase;
			buildActionMask = 2147483647;
			files = (
				745F421721F5204300C9EAB8 /* MathOperationSpec.swift in Sources */,
				745F421921F522A600C9EAB8 /* MathViewControllerSpec.swift in Sources */,
			);
			runOnlyForDeploymentPostprocessing = 0;
		};
		C30073D321F1538A00AD757E /* Sources */ = {
			isa = PBXSourcesBuildPhase;
			buildActionMask = 2147483647;
			files = (
				C30073DC21F1538A00AD757E /* UITestPresentationUITests.swift in Sources */,
			);
			runOnlyForDeploymentPostprocessing = 0;
		};
		C3F19B90220919C80058CEDE /* Sources */ = {
			isa = PBXSourcesBuildPhase;
			buildActionMask = 2147483647;
			files = (
				C3F19B97220919C80058CEDE /* KIFTarget.swift in Sources */,
			);
			runOnlyForDeploymentPostprocessing = 0;
		};
/* End PBXSourcesBuildPhase section */

/* Begin PBXTargetDependency section */
		C30073CE21F1538A00AD757E /* PBXTargetDependency */ = {
			isa = PBXTargetDependency;
			target = C30073B721F1538800AD757E /* UITestPresentation */;
			targetProxy = C30073CD21F1538A00AD757E /* PBXContainerItemProxy */;
		};
		C30073D921F1538A00AD757E /* PBXTargetDependency */ = {
			isa = PBXTargetDependency;
			target = C30073B721F1538800AD757E /* UITestPresentation */;
			targetProxy = C30073D821F1538A00AD757E /* PBXContainerItemProxy */;
		};
		C3F19B9A220919C80058CEDE /* PBXTargetDependency */ = {
			isa = PBXTargetDependency;
			target = C30073B721F1538800AD757E /* UITestPresentation */;
			targetProxy = C3F19B99220919C80058CEDE /* PBXContainerItemProxy */;
		};
/* End PBXTargetDependency section */

/* Begin PBXVariantGroup section */
		C30073C421F1538A00AD757E /* LaunchScreen.storyboard */ = {
			isa = PBXVariantGroup;
			children = (
				C30073C521F1538A00AD757E /* Base */,
			);
			name = LaunchScreen.storyboard;
			sourceTree = "<group>";
		};
/* End PBXVariantGroup section */

/* Begin XCBuildConfiguration section */
		C30073DE21F1538A00AD757E /* Debug */ = {
			isa = XCBuildConfiguration;
			buildSettings = {
				ALWAYS_SEARCH_USER_PATHS = NO;
				CLANG_ANALYZER_NONNULL = YES;
				CLANG_ANALYZER_NUMBER_OBJECT_CONVERSION = YES_AGGRESSIVE;
				CLANG_CXX_LANGUAGE_STANDARD = "gnu++14";
				CLANG_CXX_LIBRARY = "libc++";
				CLANG_ENABLE_MODULES = YES;
				CLANG_ENABLE_OBJC_ARC = YES;
				CLANG_ENABLE_OBJC_WEAK = YES;
				CLANG_WARN_BLOCK_CAPTURE_AUTORELEASING = YES;
				CLANG_WARN_BOOL_CONVERSION = YES;
				CLANG_WARN_COMMA = YES;
				CLANG_WARN_CONSTANT_CONVERSION = YES;
				CLANG_WARN_DEPRECATED_OBJC_IMPLEMENTATIONS = YES;
				CLANG_WARN_DIRECT_OBJC_ISA_USAGE = YES_ERROR;
				CLANG_WARN_DOCUMENTATION_COMMENTS = YES;
				CLANG_WARN_EMPTY_BODY = YES;
				CLANG_WARN_ENUM_CONVERSION = YES;
				CLANG_WARN_INFINITE_RECURSION = YES;
				CLANG_WARN_INT_CONVERSION = YES;
				CLANG_WARN_NON_LITERAL_NULL_CONVERSION = YES;
				CLANG_WARN_OBJC_IMPLICIT_RETAIN_SELF = YES;
				CLANG_WARN_OBJC_LITERAL_CONVERSION = YES;
				CLANG_WARN_OBJC_ROOT_CLASS = YES_ERROR;
				CLANG_WARN_RANGE_LOOP_ANALYSIS = YES;
				CLANG_WARN_STRICT_PROTOTYPES = YES;
				CLANG_WARN_SUSPICIOUS_MOVE = YES;
				CLANG_WARN_UNGUARDED_AVAILABILITY = YES_AGGRESSIVE;
				CLANG_WARN_UNREACHABLE_CODE = YES;
				CLANG_WARN__DUPLICATE_METHOD_MATCH = YES;
				CODE_SIGN_IDENTITY = "iPhone Developer";
				COPY_PHASE_STRIP = NO;
				DEBUG_INFORMATION_FORMAT = dwarf;
				ENABLE_STRICT_OBJC_MSGSEND = YES;
				ENABLE_TESTABILITY = YES;
				GCC_C_LANGUAGE_STANDARD = gnu11;
				GCC_DYNAMIC_NO_PIC = NO;
				GCC_NO_COMMON_BLOCKS = YES;
				GCC_OPTIMIZATION_LEVEL = 0;
				GCC_PREPROCESSOR_DEFINITIONS = (
					"DEBUG=1",
					"$(inherited)",
				);
				GCC_WARN_64_TO_32_BIT_CONVERSION = YES;
				GCC_WARN_ABOUT_RETURN_TYPE = YES_ERROR;
				GCC_WARN_UNDECLARED_SELECTOR = YES;
				GCC_WARN_UNINITIALIZED_AUTOS = YES_AGGRESSIVE;
				GCC_WARN_UNUSED_FUNCTION = YES;
				GCC_WARN_UNUSED_VARIABLE = YES;
				IPHONEOS_DEPLOYMENT_TARGET = 12.1;
				MTL_ENABLE_DEBUG_INFO = INCLUDE_SOURCE;
				MTL_FAST_MATH = YES;
				ONLY_ACTIVE_ARCH = YES;
				SDKROOT = iphoneos;
				SWIFT_ACTIVE_COMPILATION_CONDITIONS = DEBUG;
				SWIFT_OPTIMIZATION_LEVEL = "-Onone";
			};
			name = Debug;
		};
		C30073DF21F1538A00AD757E /* Release */ = {
			isa = XCBuildConfiguration;
			buildSettings = {
				ALWAYS_SEARCH_USER_PATHS = NO;
				CLANG_ANALYZER_NONNULL = YES;
				CLANG_ANALYZER_NUMBER_OBJECT_CONVERSION = YES_AGGRESSIVE;
				CLANG_CXX_LANGUAGE_STANDARD = "gnu++14";
				CLANG_CXX_LIBRARY = "libc++";
				CLANG_ENABLE_MODULES = YES;
				CLANG_ENABLE_OBJC_ARC = YES;
				CLANG_ENABLE_OBJC_WEAK = YES;
				CLANG_WARN_BLOCK_CAPTURE_AUTORELEASING = YES;
				CLANG_WARN_BOOL_CONVERSION = YES;
				CLANG_WARN_COMMA = YES;
				CLANG_WARN_CONSTANT_CONVERSION = YES;
				CLANG_WARN_DEPRECATED_OBJC_IMPLEMENTATIONS = YES;
				CLANG_WARN_DIRECT_OBJC_ISA_USAGE = YES_ERROR;
				CLANG_WARN_DOCUMENTATION_COMMENTS = YES;
				CLANG_WARN_EMPTY_BODY = YES;
				CLANG_WARN_ENUM_CONVERSION = YES;
				CLANG_WARN_INFINITE_RECURSION = YES;
				CLANG_WARN_INT_CONVERSION = YES;
				CLANG_WARN_NON_LITERAL_NULL_CONVERSION = YES;
				CLANG_WARN_OBJC_IMPLICIT_RETAIN_SELF = YES;
				CLANG_WARN_OBJC_LITERAL_CONVERSION = YES;
				CLANG_WARN_OBJC_ROOT_CLASS = YES_ERROR;
				CLANG_WARN_RANGE_LOOP_ANALYSIS = YES;
				CLANG_WARN_STRICT_PROTOTYPES = YES;
				CLANG_WARN_SUSPICIOUS_MOVE = YES;
				CLANG_WARN_UNGUARDED_AVAILABILITY = YES_AGGRESSIVE;
				CLANG_WARN_UNREACHABLE_CODE = YES;
				CLANG_WARN__DUPLICATE_METHOD_MATCH = YES;
				CODE_SIGN_IDENTITY = "iPhone Developer";
				COPY_PHASE_STRIP = NO;
				DEBUG_INFORMATION_FORMAT = "dwarf-with-dsym";
				ENABLE_NS_ASSERTIONS = NO;
				ENABLE_STRICT_OBJC_MSGSEND = YES;
				GCC_C_LANGUAGE_STANDARD = gnu11;
				GCC_NO_COMMON_BLOCKS = YES;
				GCC_WARN_64_TO_32_BIT_CONVERSION = YES;
				GCC_WARN_ABOUT_RETURN_TYPE = YES_ERROR;
				GCC_WARN_UNDECLARED_SELECTOR = YES;
				GCC_WARN_UNINITIALIZED_AUTOS = YES_AGGRESSIVE;
				GCC_WARN_UNUSED_FUNCTION = YES;
				GCC_WARN_UNUSED_VARIABLE = YES;
				IPHONEOS_DEPLOYMENT_TARGET = 12.1;
				MTL_ENABLE_DEBUG_INFO = NO;
				MTL_FAST_MATH = YES;
				SDKROOT = iphoneos;
				SWIFT_COMPILATION_MODE = wholemodule;
				SWIFT_OPTIMIZATION_LEVEL = "-O";
				VALIDATE_PRODUCT = YES;
			};
			name = Release;
		};
		C30073E121F1538A00AD757E /* Debug */ = {
			isa = XCBuildConfiguration;
			baseConfigurationReference = 7661B83B62E0E8512DE449F1 /* Pods-UITestPresentation.debug.xcconfig */;
			buildSettings = {
				ASSETCATALOG_COMPILER_APPICON_NAME = AppIcon;
				CODE_SIGN_STYLE = Automatic;
				DEVELOPMENT_TEAM = 2J623KG2G3;
				INFOPLIST_FILE = UITestPresentation/Application/Info.plist;
				LD_RUNPATH_SEARCH_PATHS = (
					"$(inherited)",
					"@executable_path/Frameworks",
				);
				PRODUCT_BUNDLE_IDENTIFIER = desafio.UITestPresentation;
				PRODUCT_NAME = "$(TARGET_NAME)";
				SWIFT_VERSION = 4.2;
				TARGETED_DEVICE_FAMILY = "1,2";
			};
			name = Debug;
		};
		C30073E221F1538A00AD757E /* Release */ = {
			isa = XCBuildConfiguration;
			baseConfigurationReference = 5BFC6C3D8565F8230F564A84 /* Pods-UITestPresentation.release.xcconfig */;
			buildSettings = {
				ASSETCATALOG_COMPILER_APPICON_NAME = AppIcon;
				CODE_SIGN_STYLE = Automatic;
				DEVELOPMENT_TEAM = 2J623KG2G3;
				INFOPLIST_FILE = UITestPresentation/Application/Info.plist;
				LD_RUNPATH_SEARCH_PATHS = (
					"$(inherited)",
					"@executable_path/Frameworks",
				);
				PRODUCT_BUNDLE_IDENTIFIER = desafio.UITestPresentation;
				PRODUCT_NAME = "$(TARGET_NAME)";
				SWIFT_VERSION = 4.2;
				TARGETED_DEVICE_FAMILY = "1,2";
			};
			name = Release;
		};
		C30073E421F1538A00AD757E /* Debug */ = {
			isa = XCBuildConfiguration;
			baseConfigurationReference = AD7108BD5180285B5CEA39EE /* Pods-UITestPresentationTests.debug.xcconfig */;
			buildSettings = {
				ALWAYS_EMBED_SWIFT_STANDARD_LIBRARIES = YES;
				BUNDLE_LOADER = "$(TEST_HOST)";
				CODE_SIGN_STYLE = Automatic;
				DEVELOPMENT_TEAM = 2J623KG2G3;
				INFOPLIST_FILE = UITestPresentationTests/Info.plist;
				LD_RUNPATH_SEARCH_PATHS = (
					"$(inherited)",
					"@executable_path/Frameworks",
					"@loader_path/Frameworks",
				);
				PRODUCT_BUNDLE_IDENTIFIER = desafio.UITestPresentationTests;
				PRODUCT_NAME = "$(TARGET_NAME)";
				SWIFT_VERSION = 4.2;
				TARGETED_DEVICE_FAMILY = "1,2";
				TEST_HOST = "$(BUILT_PRODUCTS_DIR)/UITestPresentation.app/UITestPresentation";
			};
			name = Debug;
		};
		C30073E521F1538A00AD757E /* Release */ = {
			isa = XCBuildConfiguration;
			baseConfigurationReference = AF99A1C5074C67E829953384 /* Pods-UITestPresentationTests.release.xcconfig */;
			buildSettings = {
				ALWAYS_EMBED_SWIFT_STANDARD_LIBRARIES = YES;
				BUNDLE_LOADER = "$(TEST_HOST)";
				CODE_SIGN_STYLE = Automatic;
				DEVELOPMENT_TEAM = 2J623KG2G3;
				INFOPLIST_FILE = UITestPresentationTests/Info.plist;
				LD_RUNPATH_SEARCH_PATHS = (
					"$(inherited)",
					"@executable_path/Frameworks",
					"@loader_path/Frameworks",
				);
				PRODUCT_BUNDLE_IDENTIFIER = desafio.UITestPresentationTests;
				PRODUCT_NAME = "$(TARGET_NAME)";
				SWIFT_VERSION = 4.2;
				TARGETED_DEVICE_FAMILY = "1,2";
				TEST_HOST = "$(BUILT_PRODUCTS_DIR)/UITestPresentation.app/UITestPresentation";
			};
			name = Release;
		};
		C30073E721F1538A00AD757E /* Debug */ = {
			isa = XCBuildConfiguration;
			baseConfigurationReference = E0B361EEE3B0B94AA39751AC /* Pods-UITestPresentationUITests.debug.xcconfig */;
			buildSettings = {
				ALWAYS_EMBED_SWIFT_STANDARD_LIBRARIES = YES;
				CODE_SIGN_STYLE = Automatic;
				DEVELOPMENT_TEAM = 2J623KG2G3;
				INFOPLIST_FILE = UITestPresentationUITests/Info.plist;
				LD_RUNPATH_SEARCH_PATHS = (
					"$(inherited)",
					"@executable_path/Frameworks",
					"@loader_path/Frameworks",
				);
				PRODUCT_BUNDLE_IDENTIFIER = desafio.UITestPresentationUITests;
				PRODUCT_NAME = "$(TARGET_NAME)";
				SWIFT_VERSION = 4.2;
				TARGETED_DEVICE_FAMILY = "1,2";
				TEST_TARGET_NAME = UITestPresentation;
			};
			name = Debug;
		};
		C30073E821F1538A00AD757E /* Release */ = {
			isa = XCBuildConfiguration;
			baseConfigurationReference = 27520E63C4DCC2CF8C87FE2A /* Pods-UITestPresentationUITests.release.xcconfig */;
			buildSettings = {
				ALWAYS_EMBED_SWIFT_STANDARD_LIBRARIES = YES;
				CODE_SIGN_STYLE = Automatic;
				DEVELOPMENT_TEAM = 2J623KG2G3;
				INFOPLIST_FILE = UITestPresentationUITests/Info.plist;
				LD_RUNPATH_SEARCH_PATHS = (
					"$(inherited)",
					"@executable_path/Frameworks",
					"@loader_path/Frameworks",
				);
				PRODUCT_BUNDLE_IDENTIFIER = desafio.UITestPresentationUITests;
				PRODUCT_NAME = "$(TARGET_NAME)";
				SWIFT_VERSION = 4.2;
				TARGETED_DEVICE_FAMILY = "1,2";
				TEST_TARGET_NAME = UITestPresentation;
			};
			name = Release;
		};
		C3F19B9B220919C80058CEDE /* Debug */ = {
			isa = XCBuildConfiguration;
			baseConfigurationReference = 597F235B6D79DBF97240B7CA /* Pods-KIFTarget.debug.xcconfig */;
			buildSettings = {
				BUNDLE_LOADER = "$(BUILT_PRODUTS_DIR)/UITestPresentation.app/UITestPresentaion";
				CODE_SIGN_STYLE = Automatic;
				DEVELOPMENT_TEAM = 2J623KG2G3;
				INFOPLIST_FILE = KIFTarget/Info.plist;
				LD_RUNPATH_SEARCH_PATHS = (
					"$(inherited)",
					"@executable_path/Frameworks",
					"@loader_path/Frameworks",
				);
				OTHER_LDFLAGS = (
					"-ObjC",
					XCTest,
					"-framework",
					IOKit,
				);
				PRODUCT_BUNDLE_IDENTIFIER = desafio.KIFTarget;
				PRODUCT_NAME = "$(TARGET_NAME)";
				SWIFT_OBJC_BRIDGING_HEADER = "KIFTarget/KIFTarget-Bridging-Header.h";
				SWIFT_VERSION = 4.2;
				TARGETED_DEVICE_FAMILY = "1,2";
				TEST_HOST = "$(BUILT_PRODUCTS_DIR)/UITestPresentation.app/UITestPresentation";
			};
			name = Debug;
		};
		C3F19B9C220919C80058CEDE /* Release */ = {
			isa = XCBuildConfiguration;
			baseConfigurationReference = 66A2DF3E9B1A2C28E3062ACE /* Pods-KIFTarget.release.xcconfig */;
			buildSettings = {
				BUNDLE_LOADER = "$(BUILT_PRODUTS_DIR)/UITestPresentation.app/UITestPresentaion";
				CODE_SIGN_STYLE = Automatic;
				DEVELOPMENT_TEAM = 2J623KG2G3;
				INFOPLIST_FILE = KIFTarget/Info.plist;
				LD_RUNPATH_SEARCH_PATHS = (
					"$(inherited)",
					"@executable_path/Frameworks",
					"@loader_path/Frameworks",
				);
				OTHER_LDFLAGS = (
					"-ObjC",
					XCTest,
					"-framework",
					IOKit,
				);
				PRODUCT_BUNDLE_IDENTIFIER = desafio.KIFTarget;
				PRODUCT_NAME = "$(TARGET_NAME)";
				SWIFT_OBJC_BRIDGING_HEADER = "KIFTarget/KIFTarget-Bridging-Header.h";
				SWIFT_VERSION = 4.2;
				TARGETED_DEVICE_FAMILY = "1,2";
				TEST_HOST = "$(BUILT_PRODUCTS_DIR)/UITestPresentation.app/UITestPresentation";
			};
			name = Release;
		};
/* End XCBuildConfiguration section */

/* Begin XCConfigurationList section */
		C30073B321F1538800AD757E /* Build configuration list for PBXProject "UITestPresentation" */ = {
			isa = XCConfigurationList;
			buildConfigurations = (
				C30073DE21F1538A00AD757E /* Debug */,
				C30073DF21F1538A00AD757E /* Release */,
			);
			defaultConfigurationIsVisible = 0;
			defaultConfigurationName = Release;
		};
		C30073E021F1538A00AD757E /* Build configuration list for PBXNativeTarget "UITestPresentation" */ = {
			isa = XCConfigurationList;
			buildConfigurations = (
				C30073E121F1538A00AD757E /* Debug */,
				C30073E221F1538A00AD757E /* Release */,
			);
			defaultConfigurationIsVisible = 0;
			defaultConfigurationName = Release;
		};
		C30073E321F1538A00AD757E /* Build configuration list for PBXNativeTarget "UITestPresentationTests" */ = {
			isa = XCConfigurationList;
			buildConfigurations = (
				C30073E421F1538A00AD757E /* Debug */,
				C30073E521F1538A00AD757E /* Release */,
			);
			defaultConfigurationIsVisible = 0;
			defaultConfigurationName = Release;
		};
		C30073E621F1538A00AD757E /* Build configuration list for PBXNativeTarget "UITestPresentationUITests" */ = {
			isa = XCConfigurationList;
			buildConfigurations = (
				C30073E721F1538A00AD757E /* Debug */,
				C30073E821F1538A00AD757E /* Release */,
			);
			defaultConfigurationIsVisible = 0;
			defaultConfigurationName = Release;
		};
		C3F19B9D220919C80058CEDE /* Build configuration list for PBXNativeTarget "KIFTarget" */ = {
			isa = XCConfigurationList;
			buildConfigurations = (
				C3F19B9B220919C80058CEDE /* Debug */,
				C3F19B9C220919C80058CEDE /* Release */,
			);
			defaultConfigurationIsVisible = 0;
			defaultConfigurationName = Release;
		};
/* End XCConfigurationList section */
	};
	rootObject = C30073B021F1538800AD757E /* Project object */;
}
